
Microsoft Visual Studio Solution File, Format Version 12.00
Project("{2150E333-8FDC-42A3-9474-1A3956D46DE8}") = "src", "src", "{7DF135D0-D008-4C14-A3B4-06C4232F0A6C}"
EndProject
Project("{2150E333-8FDC-42A3-9474-1A3956D46DE8}") = "AppServices", "AppServices", "{96470679-2EE8-4235-ABE2-048832EB320B}"
EndProject
Project("{2150E333-8FDC-42A3-9474-1A3956D46DE8}") = "Contracts", "Contracts", "{7E05BF4B-1ACE-413C-A1F9-8EF217585059}"
EndProject
Project("{2150E333-8FDC-42A3-9474-1A3956D46DE8}") = "Domain", "Domain", "{52AB2444-F207-4142-87ED-71C5C33393DC}"
EndProject
Project("{2150E333-8FDC-42A3-9474-1A3956D46DE8}") = "Infrastructure", "Infrastructure", "{2877D33F-213B-4A0F-9C86-820A19DB47B2}"
EndProject
Project("{2150E333-8FDC-42A3-9474-1A3956D46DE8}") = "Hosts", "Hosts", "{7D196A7D-4AAE-474D-AEF9-CFF567DD5B64}"
EndProject
Project("{FAE04EC0-301F-11D3-BF4B-00C04F79EFBC}") = "BookmakerBackend.Domain", "src\BookmakerBackend.Domain\BookmakerBackend.Domain.csproj", "{1A61DBE7-206A-4711-809F-BCB77956C887}"
EndProject
Project("{FAE04EC0-301F-11D3-BF4B-00C04F79EFBC}") = "BookmakerBackend.Api", "src\BookmakerBackend.Api\BookmakerBackend.Api.csproj", "{60EA2941-CC95-483E-AD94-9BAAA932E39A}"
EndProject
Project("{2150E333-8FDC-42A3-9474-1A3956D46DE8}") = "Solution Items", "Solution Items", "{02AB8CDD-5474-46AC-88C1-AE29E60CD817}"
	ProjectSection(SolutionItems) = preProject
		compose.yaml = compose.yaml
	EndProjectSection
EndProject
Project("{FAE04EC0-301F-11D3-BF4B-00C04F79EFBC}") = "BookmakerBackend.Contracts", "src\BookmakerBackend.Contracts\BookmakerBackend.Contracts.csproj", "{3C6E15E8-2D92-47C5-991B-CD3DEFF96CB2}"
EndProject
Project("{FAE04EC0-301F-11D3-BF4B-00C04F79EFBC}") = "BookmakerBackend.DataAccess", "src\BookmakerBackend.DataAccess\BookmakerBackend.DataAccess.csproj", "{7D4FC4E3-0354-4944-8844-E251B86ADF8D}"
EndProject
Project("{FAE04EC0-301F-11D3-BF4B-00C04F79EFBC}") = "BookmakerBackend.Registrar", "src\BookmakerBackend.Registrar\BookmakerBackend.Registrar.csproj", "{8B6ABF8B-6661-4DD5-80D7-F3C9FB0F5C3A}"
EndProject
Project("{FAE04EC0-301F-11D3-BF4B-00C04F79EFBC}") = "BookmakerBackend.AppServices", "src\BookmakerBackend.AppServices\BookmakerBackend.AppServices.csproj", "{44B3CE80-118F-463A-B7FD-BD0D8293496E}"
EndProject
Global
	GlobalSection(SolutionConfigurationPlatforms) = preSolution
		Debug|Any CPU = Debug|Any CPU
		Release|Any CPU = Release|Any CPU
	EndGlobalSection
	GlobalSection(NestedProjects) = preSolution
		{96470679-2EE8-4235-ABE2-048832EB320B} = {7DF135D0-D008-4C14-A3B4-06C4232F0A6C}
		{7E05BF4B-1ACE-413C-A1F9-8EF217585059} = {7DF135D0-D008-4C14-A3B4-06C4232F0A6C}
		{52AB2444-F207-4142-87ED-71C5C33393DC} = {7DF135D0-D008-4C14-A3B4-06C4232F0A6C}
		{2877D33F-213B-4A0F-9C86-820A19DB47B2} = {7DF135D0-D008-4C14-A3B4-06C4232F0A6C}
		{7D196A7D-4AAE-474D-AEF9-CFF567DD5B64} = {7DF135D0-D008-4C14-A3B4-06C4232F0A6C}
		{1A61DBE7-206A-4711-809F-BCB77956C887} = {52AB2444-F207-4142-87ED-71C5C33393DC}
		{60EA2941-CC95-483E-AD94-9BAAA932E39A} = {7D196A7D-4AAE-474D-AEF9-CFF567DD5B64}
		{3C6E15E8-2D92-47C5-991B-CD3DEFF96CB2} = {7E05BF4B-1ACE-413C-A1F9-8EF217585059}
		{7D4FC4E3-0354-4944-8844-E251B86ADF8D} = {2877D33F-213B-4A0F-9C86-820A19DB47B2}
		{8B6ABF8B-6661-4DD5-80D7-F3C9FB0F5C3A} = {2877D33F-213B-4A0F-9C86-820A19DB47B2}
		{44B3CE80-118F-463A-B7FD-BD0D8293496E} = {96470679-2EE8-4235-ABE2-048832EB320B}
	EndGlobalSection
	GlobalSection(ProjectConfigurationPlatforms) = postSolution
		{1A61DBE7-206A-4711-809F-BCB77956C887}.Debug|Any CPU.ActiveCfg = Debug|Any CPU
		{1A61DBE7-206A-4711-809F-BCB77956C887}.Debug|Any CPU.Build.0 = Debug|Any CPU
		{1A61DBE7-206A-4711-809F-BCB77956C887}.Release|Any CPU.ActiveCfg = Release|Any CPU
		{1A61DBE7-206A-4711-809F-BCB77956C887}.Release|Any CPU.Build.0 = Release|Any CPU
		{60EA2941-CC95-483E-AD94-9BAAA932E39A}.Debug|Any CPU.ActiveCfg = Debug|Any CPU
		{60EA2941-CC95-483E-AD94-9BAAA932E39A}.Debug|Any CPU.Build.0 = Debug|Any CPU
		{60EA2941-CC95-483E-AD94-9BAAA932E39A}.Release|Any CPU.ActiveCfg = Release|Any CPU
		{60EA2941-CC95-483E-AD94-9BAAA932E39A}.Release|Any CPU.Build.0 = Release|Any CPU
		{3C6E15E8-2D92-47C5-991B-CD3DEFF96CB2}.Debug|Any CPU.ActiveCfg = Debug|Any CPU
		{3C6E15E8-2D92-47C5-991B-CD3DEFF96CB2}.Debug|Any CPU.Build.0 = Debug|Any CPU
		{3C6E15E8-2D92-47C5-991B-CD3DEFF96CB2}.Release|Any CPU.ActiveCfg = Release|Any CPU
		{3C6E15E8-2D92-47C5-991B-CD3DEFF96CB2}.Release|Any CPU.Build.0 = Release|Any CPU
		{7D4FC4E3-0354-4944-8844-E251B86ADF8D}.Debug|Any CPU.ActiveCfg = Debug|Any CPU
		{7D4FC4E3-0354-4944-8844-E251B86ADF8D}.Debug|Any CPU.Build.0 = Debug|Any CPU
		{7D4FC4E3-0354-4944-8844-E251B86ADF8D}.Release|Any CPU.ActiveCfg = Release|Any CPU
		{7D4FC4E3-0354-4944-8844-E251B86ADF8D}.Release|Any CPU.Build.0 = Release|Any CPU
		{8B6ABF8B-6661-4DD5-80D7-F3C9FB0F5C3A}.Debug|Any CPU.ActiveCfg = Debug|Any CPU
		{8B6ABF8B-6661-4DD5-80D7-F3C9FB0F5C3A}.Debug|Any CPU.Build.0 = Debug|Any CPU
		{8B6ABF8B-6661-4DD5-80D7-F3C9FB0F5C3A}.Release|Any CPU.ActiveCfg = Release|Any CPU
		{8B6ABF8B-6661-4DD5-80D7-F3C9FB0F5C3A}.Release|Any CPU.Build.0 = Release|Any CPU
		{44B3CE80-118F-463A-B7FD-BD0D8293496E}.Debug|Any CPU.ActiveCfg = Debug|Any CPU
		{44B3CE80-118F-463A-B7FD-BD0D8293496E}.Debug|Any CPU.Build.0 = Debug|Any CPU
		{44B3CE80-118F-463A-B7FD-BD0D8293496E}.Release|Any CPU.ActiveCfg = Release|Any CPU
		{44B3CE80-118F-463A-B7FD-BD0D8293496E}.Release|Any CPU.Build.0 = Release|Any CPU
	EndGlobalSection
EndGlobal
